{
  "version": 4,
  "terraform_version": "1.15.3",
  "serial": 724,
  "lineage": "737c67e2-7057-cf01-3740-ac27f5a8181d",
  "outputs": {
    "agent_runtime_arn": {
      "value": "arn:aws:bedrock-agentcore:us-east-1:610639371721:runtime/edo_coanalyst_report-3dAfJRHyfY",
      "type": "string"
    },
    "ecr_repository_url": {
      "value": "610639371721.dkr.ecr.us-east-1.amazonaws.com/edo-coanalyst-report",
      "type": "string"
    },
    "invoke_example": {
      "value": "aws bedrock-agentcore invoke-agent-runtime --region us-east-1 --agent-runtime-arn arn:aws:bedrock-agentcore:us-east-1:610639371721:runtime/edo_coanalyst_report-3dAfJRHyfY --qualifier DEFAULT --payload fileb://scripts/payload.example.json out.json \u0026\u0026 cat out.json",
      "type": "string"
    },
    "provenance_table": {
      "value": "edo-coanalyst-report-provenance",
      "type": "string"
    },
    "region": {
      "value": "us-east-1",
      "type": "string"
    },
    "reports_bucket": {
      "value": "edo-coanalyst-report-610639371721",
      "type": "string"
    },
    "vertex_search_ecr_url": {
      "value": "610639371721.dkr.ecr.us-east-1.amazonaws.com/edo-coanalyst-report-vertex-search",
      "type": "string"
    },
    "vertex_search_lambda_arn": {
      "value": "arn:aws:lambda:us-east-1:610639371721:function:edo-coanalyst-report-vertex-search",
      "type": "string"
    },
    "vertex_search_lambda_name": {
      "value": "edo-coanalyst-report-vertex-search",
      "type": "string"
    },
    "web_search_gateway_url": {
      "value": "https://edo-coanalyst-report-gw-ialt8bzxwr.gateway.bedrock-agentcore.us-east-1.amazonaws.com/mcp",
      "type": "string"
    }
  },
  "resources": [
    {
      "mode": "data",
      "type": "aws_caller_identity",
      "name": "current",
      "provider": "provider[\"registry.terraform.io/hashicorp/aws\"]",
      "instances": [
        {
          "schema_version": 0,
          "attributes": {
            "account_id": "610639371721",
            "arn": "arn:aws:sts::610639371721:assumed-role/ADFS-MHF-SystemAdministrator/abhay.lunkad@spglobal.com",
            "id": "610639371721",
            "user_id": "AROAY4LHRLXE2PLEG667L:abhay.lunkad@spglobal.com"
          },
          "sensitive_attributes": [],
          "identity_schema_version": 0
        }
      ]
    },
    {
      "mode": "data",
      "type": "aws_iam_policy_document",
      "name": "agent",
      "provider": "provider[\"registry.terraform.io/hashicorp/aws\"]",
      "instances": [
        {
          "schema_version": 0,
          "attributes": {
            "id": "3069866206",
            "json": "{\n  \"Version\": \"2012-10-17\",\n  \"Statement\": [\n    {\n      \"Sid\": \"WriteReports\",\n      \"Effect\": \"Allow\",\n      \"Action\": [\n        \"s3:PutObject\",\n        \"s3:ListBucket\",\n        \"s3:GetObject\",\n        \"s3:DeleteObject\"\n      ],\n      \"Resource\": [\n        \"arn:aws:s3:::edo-coanalyst-report-610639371721/*\",\n        \"arn:aws:s3:::edo-coanalyst-report-610639371721\"\n      ]\n    },\n    {\n      \"Sid\": \"Provenance\",\n      \"Effect\": \"Allow\",\n      \"Action\": [\n        \"dynamodb:UpdateItem\",\n        \"dynamodb:Query\",\n        \"dynamodb:PutItem\",\n        \"dynamodb:GetItem\",\n        \"dynamodb:DeleteItem\"\n      ],\n      \"Resource\": [\n        \"arn:aws:dynamodb:us-east-1:610639371721:table/edo-coanalyst-report-provenance/index/*\",\n        \"arn:aws:dynamodb:us-east-1:610639371721:table/edo-coanalyst-report-provenance\"\n      ]\n    },\n    {\n      \"Sid\": \"PullImage\",\n      \"Effect\": \"Allow\",\n      \"Action\": [\n        \"ecr:GetDownloadUrlForLayer\",\n        \"ecr:GetAuthorizationToken\",\n        \"ecr:BatchGetImage\",\n        \"ecr:BatchCheckLayerAvailability\"\n      ],\n      \"Resource\": \"*\"\n    },\n    {\n      \"Sid\": \"Logs\",\n      \"Effect\": \"Allow\",\n      \"Action\": [\n        \"logs:PutLogEvents\",\n        \"logs:CreateLogStream\",\n        \"logs:CreateLogGroup\"\n      ],\n      \"Resource\": \"*\"\n    },\n    {\n      \"Sid\": \"InvokeModel\",\n      \"Effect\": \"Allow\",\n      \"Action\": [\n        \"bedrock:InvokeModelWithResponseStream\",\n        \"bedrock:InvokeModel\"\n      ],\n      \"Resource\": \"*\"\n    },\n    {\n      \"Sid\": \"InvokeGateway\",\n      \"Effect\": \"Allow\",\n      \"Action\": \"bedrock-agentcore:InvokeGateway\",\n      \"Resource\": \"arn:aws:bedrock-agentcore:us-east-1:610639371721:gateway/*\"\n    },\n    {\n      \"Sid\": \"BrowserTool\",\n      \"Effect\": \"Allow\",\n      \"Action\": [\n        \"bedrock-agentcore:StopBrowserSession\",\n        \"bedrock-agentcore:StartBrowserSession\",\n        \"bedrock-agentcore:ListBrowserSessions\",\n        \"bedrock-agentcore:GetBrowserSession\",\n        \"bedrock-agentcore:ConnectBrowserLiveViewStream\",\n        \"bedrock-agentcore:ConnectBrowserAutomationStream\"\n      ],\n      \"Resource\": [\n        \"arn:aws:bedrock-agentcore:us-east-1:aws:browser/aws.browser.v1\",\n        \"arn:aws:bedrock-agentcore:us-east-1:610639371721:browser-session/*\"\n      ]\n    }\n  ]\n}",
            "minified_json": "{\"Version\":\"2012-10-17\",\"Statement\":[{\"Sid\":\"WriteReports\",\"Effect\":\"Allow\",\"Action\":[\"s3:PutObject\",\"s3:ListBucket\",\"s3:GetObject\",\"s3:DeleteObject\"],\"Resource\":[\"arn:aws:s3:::edo-coanalyst-report-610639371721/*\",\"arn:aws:s3:::edo-coanalyst-report-610639371721\"]},{\"Sid\":\"Provenance\",\"Effect\":\"Allow\",\"Action\":[\"dynamodb:UpdateItem\",\"dynamodb:Query\",\"dynamodb:PutItem\",\"dynamodb:GetItem\",\"dynamodb:DeleteItem\"],\"Resource\":[\"arn:aws:dynamodb:us-east-1:610639371721:table/edo-coanalyst-report-provenance/index/*\",\"arn:aws:dynamodb:us-east-1:610639371721:table/edo-coanalyst-report-provenance\"]},{\"Sid\":\"PullImage\",\"Effect\":\"Allow\",\"Action\":[\"ecr:GetDownloadUrlForLayer\",\"ecr:GetAuthorizationToken\",\"ecr:BatchGetImage\",\"ecr:BatchCheckLayerAvailability\"],\"Resource\":\"*\"},{\"Sid\":\"Logs\",\"Effect\":\"Allow\",\"Action\":[\"logs:PutLogEvents\",\"logs:CreateLogStream\",\"logs:CreateLogGroup\"],\"Resource\":\"*\"},{\"Sid\":\"InvokeModel\",\"Effect\":\"Allow\",\"Action\":[\"bedrock:InvokeModelWithResponseStream\",\"bedrock:InvokeModel\"],\"Resource\":\"*\"},{\"Sid\":\"InvokeGateway\",\"Effect\":\"Allow\",\"Action\":\"bedrock-agentcore:InvokeGateway\",\"Resource\":\"arn:aws:bedrock-agentcore:us-east-1:610639371721:gateway/*\"},{\"Sid\":\"BrowserTool\",\"Effect\":\"Allow\",\"Action\":[\"bedrock-agentcore:StopBrowserSession\",\"bedrock-agentcore:StartBrowserSession\",\"bedrock-agentcore:ListBrowserSessions\",\"bedrock-agentcore:GetBrowserSession\",\"bedrock-agentcore:ConnectBrowserLiveViewStream\",\"bedrock-agentcore:ConnectBrowserAutomationStream\"],\"Resource\":[\"arn:aws:bedrock-agentcore:us-east-1:aws:browser/aws.browser.v1\",\"arn:aws:bedrock-agentcore:us-east-1:610639371721:browser-session/*\"]}]}",
            "override_json": null,
            "override_policy_documents": null,
            "policy_id": null,
            "source_json": null,
            "source_policy_documents": null,
            "statement": [
              {
                "actions": [
                  "s3:DeleteObject",
                  "s3:GetObject",
                  "s3:ListBucket",
                  "s3:PutObject"
                ],
                "condition": [],
                "effect": "Allow",
                "not_actions": [],
                "not_principals": [],
                "not_resources": [],
                "principals": [],
                "resources": [
                  "arn:aws:s3:::edo-coanalyst-report-610639371721",
                  "arn:aws:s3:::edo-coanalyst-report-610639371721/*"
                ],
                "sid": "WriteReports"
              },
              {
                "actions": [
                  "dynamodb:DeleteItem",
                  "dynamodb:GetItem",
                  "dynamodb:PutItem",
                  "dynamodb:Query",
                  "dynamodb:UpdateItem"
                ],
                "condition": [],
                "effect": "Allow",
                "not_actions": [],
                "not_principals": [],
                "not_resources": [],
                "principals": [],
                "resources": [
                  "arn:aws:dynamodb:us-east-1:610639371721:table/edo-coanalyst-report-provenance",
                  "arn:aws:dynamodb:us-east-1:610639371721:table/edo-coanalyst-report-provenance/index/*"
                ],
                "sid": "Provenance"
              },
              {
                "actions": [
                  "ecr:BatchCheckLayerAvailability",
                  "ecr:BatchGetImage",
                  "ecr:GetAuthorizationToken",
                  "ecr:GetDownloadUrlForLayer"
                ],
                "condition": [],
                "effect": "Allow",
                "not_actions": [],
                "not_principals": [],
                "not_resources": [],
                "principals": [],
                "resources": [
                  "*"
                ],
                "sid": "PullImage"
              },
              {
                "actions": [
                  "logs:CreateLogGroup",
                  "logs:CreateLogStream",
                  "logs:PutLogEvents"
                ],
                "condition": [],
                "effect": "Allow",
                "not_actions": [],
                "not_principals": [],
                "not_resources": [],
                "principals": [],
                "resources": [
                  "*"
                ],
                "sid": "Logs"
              },
              {
                "actions": [
                  "bedrock:InvokeModel",
                  "bedrock:InvokeModelWithResponseStream"
                ],
                "condition": [],
                "effect": "Allow",
                "not_actions": [],
                "not_principals": [],
                "not_resources": [],
                "principals": [],
                "resources": [
                  "*"
                ],
                "sid": "InvokeModel"
              },
              {
                "actions": [
                  "bedrock-agentcore:InvokeGateway"
                ],
                "condition": [],
                "effect": "Allow",
                "not_actions": [],
                "not_principals": [],
                "not_resources": [],
                "principals": [],
                "resources": [
                  "arn:aws:bedrock-agentcore:us-east-1:610639371721:gateway/*"
                ],
                "sid": "InvokeGateway"
              },
              {
                "actions": [
                  "bedrock-agentcore:ConnectBrowserAutomationStream",
                  "bedrock-agentcore:ConnectBrowserLiveViewStream",
                  "bedrock-agentcore:GetBrowserSession",
                  "bedrock-agentcore:ListBrowserSessions",
                  "bedrock-agentcore:StartBrowserSession",
                  "bedrock-agentcore:StopBrowserSession"
                ],
                "condition": [],
                "effect": "Allow",
                "not_actions": [],
                "not_principals": [],
                "not_resources": [],
                "principals": [],
                "resources": [
                  "arn:aws:bedrock-agentcore:us-east-1:610639371721:browser-session/*",
                  "arn:aws:bedrock-agentcore:us-east-1:aws:browser/aws.browser.v1"
                ],
                "sid": "BrowserTool"
              }
            ],
            "version": "2012-10-17"
          },
          "sensitive_attributes": [],
          "identity_schema_version": 0
        }
      ]
    },
    {
      "mode": "data",
      "type": "aws_iam_policy_document",
      "name": "agent_invoke_vertex",
      "provider": "provider[\"registry.terraform.io/hashicorp/aws\"]",
      "instances": [
        {
          "schema_version": 0,
          "attributes": {
            "id": "2198609574",
            "json": "{\n  \"Version\": \"2012-10-17\",\n  \"Statement\": [\n    {\n      \"Sid\": \"InvokeVertexSearchLambda\",\n      \"Effect\": \"Allow\",\n      \"Action\": \"lambda:InvokeFunction\",\n      \"Resource\": \"arn:aws:lambda:us-east-1:610639371721:function:edo-coanalyst-report-vertex-search\"\n    }\n  ]\n}",
            "minified_json": "{\"Version\":\"2012-10-17\",\"Statement\":[{\"Sid\":\"InvokeVertexSearchLambda\",\"Effect\":\"Allow\",\"Action\":\"lambda:InvokeFunction\",\"Resource\":\"arn:aws:lambda:us-east-1:610639371721:function:edo-coanalyst-report-vertex-search\"}]}",
            "override_json": null,
            "override_policy_documents": null,
            "policy_id": null,
            "source_json": null,
            "source_policy_documents": null,
            "statement": [
              {
                "actions": [
                  "lambda:InvokeFunction"
                ],
                "condition": [],
                "effect": "Allow",
                "not_actions": [],
                "not_principals": [],
                "not_resources": [],
                "principals": [],
                "resources": [
                  "arn:aws:lambda:us-east-1:610639371721:function:edo-coanalyst-report-vertex-search"
                ],
                "sid": "InvokeVertexSearchLambda"
              }
            ],
            "version": "2012-10-17"
          },
          "sensitive_attributes": [],
          "identity_schema_version": 0
        }
      ]
    },
    {
      "mode": "data",
      "type": "aws_iam_policy_document",
      "name": "gateway_perms",
      "provider": "provider[\"registry.terraform.io/hashicorp/aws\"]",
      "instances": [
        {
          "index_key": 0,
          "schema_version": 0,
          "attributes": {
            "id": "2535789897",
            "json": "{\n  \"Version\": \"2012-10-17\",\n  \"Statement\": [\n    {\n      \"Sid\": \"InvokeGateway\",\n      \"Effect\": \"Allow\",\n      \"Action\": \"bedrock-agentcore:InvokeGateway\",\n      \"Resource\": \"arn:aws:bedrock-agentcore:us-east-1:610639371721:gateway/*\"\n    },\n    {\n      \"Sid\": \"InvokeWebSearch\",\n      \"Effect\": \"Allow\",\n      \"Action\": \"bedrock-agentcore:InvokeWebSearch\",\n      \"Resource\": \"arn:aws:bedrock-agentcore:us-east-1:aws:tool/web-search.v1\"\n    }\n  ]\n}",
            "minified_json": "{\"Version\":\"2012-10-17\",\"Statement\":[{\"Sid\":\"InvokeGateway\",\"Effect\":\"Allow\",\"Action\":\"bedrock-agentcore:InvokeGateway\",\"Resource\":\"arn:aws:bedrock-agentcore:us-east-1:610639371721:gateway/*\"},{\"Sid\":\"InvokeWebSearch\",\"Effect\":\"Allow\",\"Action\":\"bedrock-agentcore:InvokeWebSearch\",\"Resource\":\"arn:aws:bedrock-agentcore:us-east-1:aws:tool/web-search.v1\"}]}",
            "override_json": null,
            "override_policy_documents": null,
            "policy_id": null,
            "source_json": null,
            "source_policy_documents": null,
            "statement": [
              {
                "actions": [
                  "bedrock-agentcore:InvokeGateway"
                ],
                "condition": [],
                "effect": "Allow",
                "not_actions": [],
                "not_principals": [],
                "not_resources": [],
                "principals": [],
                "resources": [
                  "arn:aws:bedrock-agentcore:us-east-1:610639371721:gateway/*"
                ],
                "sid": "InvokeGateway"
              },
              {
                "actions": [
                  "bedrock-agentcore:InvokeWebSearch"
                ],
                "condition": [],
                "effect": "Allow",
                "not_actions": [],
                "not_principals": [],
                "not_resources": [],
                "principals": [],
                "resources": [
                  "arn:aws:bedrock-agentcore:us-east-1:aws:tool/web-search.v1"
                ],
                "sid": "InvokeWebSearch"
              }
            ],
            "version": "2012-10-17"
          },
          "sensitive_attributes": [],
          "identity_schema_version": 0
        }
      ]
    },
    {
      "mode": "data",
      "type": "aws_iam_policy_document",
      "name": "gateway_trust",
      "provider": "provider[\"registry.terraform.io/hashicorp/aws\"]",
      "instances": [
        {
          "index_key": 0,
          "schema_version": 0,
          "attributes": {
            "id": "283979469",
            "json": "{\n  \"Version\": \"2012-10-17\",\n  \"Statement\": [\n    {\n      \"Effect\": \"Allow\",\n      \"Action\": \"sts:AssumeRole\",\n      \"Principal\": {\n        \"Service\": \"bedrock-agentcore.amazonaws.com\"\n      },\n      \"Condition\": {\n        \"StringEquals\": {\n          \"aws:SourceAccount\": \"610639371721\"\n        }\n      }\n    }\n  ]\n}",
            "minified_json": "{\"Version\":\"2012-10-17\",\"Statement\":[{\"Effect\":\"Allow\",\"Action\":\"sts:AssumeRole\",\"Principal\":{\"Service\":\"bedrock-agentcore.amazonaws.com\"},\"Condition\":{\"StringEquals\":{\"aws:SourceAccount\":\"610639371721\"}}}]}",
            "override_json": null,
            "override_policy_documents": null,
            "policy_id": null,
            "source_json": null,
            "source_policy_documents": null,
            "statement": [
              {
                "actions": [
                  "sts:AssumeRole"
                ],
                "condition": [
                  {
                    "test": "StringEquals",
                    "values": [
                      "610639371721"
                    ],
                    "variable": "aws:SourceAccount"
                  }
                ],
                "effect": "Allow",
                "not_actions": [],
                "not_principals": [],
                "not_resources": [],
                "principals": [
                  {
                    "identifiers": [
                      "bedrock-agentcore.amazonaws.com"
                    ],
                    "type": "Service"
                  }
                ],
                "resources": [],
                "sid": ""
              }
            ],
            "version": "2012-10-17"
          },
          "sensitive_attributes": [],
          "identity_schema_version": 0
        }
      ]
    },
    {
      "mode": "data",
      "type": "aws_iam_policy_document",
      "name": "trust",
      "provider": "provider[\"registry.terraform.io/hashicorp/aws\"]",
      "instances": [
        {
          "schema_version": 0,
          "attributes": {
            "id": "283979469",
            "json": "{\n  \"Version\": \"2012-10-17\",\n  \"Statement\": [\n    {\n      \"Effect\": \"Allow\",\n      \"Action\": \"sts:AssumeRole\",\n      \"Principal\": {\n        \"Service\": \"bedrock-agentcore.amazonaws.com\"\n      },\n      \"Condition\": {\n        \"StringEquals\": {\n          \"aws:SourceAccount\": \"610639371721\"\n        }\n      }\n    }\n  ]\n}",
            "minified_json": "{\"Version\":\"2012-10-17\",\"Statement\":[{\"Effect\":\"Allow\",\"Action\":\"sts:AssumeRole\",\"Principal\":{\"Service\":\"bedrock-agentcore.amazonaws.com\"},\"Condition\":{\"StringEquals\":{\"aws:SourceAccount\":\"610639371721\"}}}]}",
            "override_json": null,
            "override_policy_documents": null,
            "policy_id": null,
            "source_json": null,
            "source_policy_documents": null,
            "statement": [
              {
                "actions": [
                  "sts:AssumeRole"
                ],
                "condition": [
                  {
                    "test": "StringEquals",
                    "values": [
                      "610639371721"
                    ],
                    "variable": "aws:SourceAccount"
                  }
                ],
                "effect": "Allow",
                "not_actions": [],
                "not_principals": [],
                "not_resources": [],
                "principals": [
                  {
                    "identifiers": [
                      "bedrock-agentcore.amazonaws.com"
                    ],
                    "type": "Service"
                  }
                ],
                "resources": [],
                "sid": ""
              }
            ],
            "version": "2012-10-17"
          },
          "sensitive_attributes": [],
          "identity_schema_version": 0
        }
      ]
    },
    {
      "mode": "data",
      "type": "aws_iam_policy_document",
      "name": "vertex_lambda_perms",
      "provider": "provider[\"registry.terraform.io/hashicorp/aws\"]",
      "instances": [
        {
          "schema_version": 0,
          "attributes": {
            "id": "2209294345",
            "json": "{\n  \"Version\": \"2012-10-17\",\n  \"Statement\": [\n    {\n      \"Sid\": \"Logs\",\n      \"Effect\": \"Allow\",\n      \"Action\": [\n        \"logs:PutLogEvents\",\n        \"logs:CreateLogStream\",\n        \"logs:CreateLogGroup\"\n      ],\n      \"Resource\": \"arn:aws:logs:us-east-1:610639371721:log-group:/aws/lambda/edo-coanalyst-report-vertex-search:*\"\n    },\n    {\n      \"Sid\": \"ReadGcpKey\",\n      \"Effect\": \"Allow\",\n      \"Action\": \"secretsmanager:GetSecretValue\",\n      \"Resource\": \"arn:aws:secretsmanager:us-east-1:610639371721:secret:GCP_Vertex_Service_Account_Key-cIW9TD\"\n    }\n  ]\n}",
            "minified_json": "{\"Version\":\"2012-10-17\",\"Statement\":[{\"Sid\":\"Logs\",\"Effect\":\"Allow\",\"Action\":[\"logs:PutLogEvents\",\"logs:CreateLogStream\",\"logs:CreateLogGroup\"],\"Resource\":\"arn:aws:logs:us-east-1:610639371721:log-group:/aws/lambda/edo-coanalyst-report-vertex-search:*\"},{\"Sid\":\"ReadGcpKey\",\"Effect\":\"Allow\",\"Action\":\"secretsmanager:GetSecretValue\",\"Resource\":\"arn:aws:secretsmanager:us-east-1:610639371721:secret:GCP_Vertex_Service_Account_Key-cIW9TD\"}]}",
            "override_json": null,
            "override_policy_documents": null,
            "policy_id": null,
            "source_json": null,
            "source_policy_documents": null,
            "statement": [
              {
                "actions": [
                  "logs:CreateLogGroup",
                  "logs:CreateLogStream",
                  "logs:PutLogEvents"
                ],
                "condition": [],
                "effect": "Allow",
                "not_actions": [],
                "not_principals": [],
                "not_resources": [],
                "principals": [],
                "resources": [
                  "arn:aws:logs:us-east-1:610639371721:log-group:/aws/lambda/edo-coanalyst-report-vertex-search:*"
                ],
                "sid": "Logs"
              },
              {
                "actions": [
                  "secretsmanager:GetSecretValue"
                ],
                "condition": [],
                "effect": "Allow",
                "not_actions": [],
                "not_principals": [],
                "not_resources": [],
                "principals": [],
                "resources": [
                  "arn:aws:secretsmanager:us-east-1:610639371721:secret:GCP_Vertex_Service_Account_Key-cIW9TD"
                ],
                "sid": "ReadGcpKey"
              }
            ],
            "version": "2012-10-17"
          },
          "sensitive_attributes": [],
          "identity_schema_version": 0
        }
      ]
    },
    {
      "mode": "data",
      "type": "aws_iam_policy_document",
      "name": "vertex_lambda_trust",
      "provider": "provider[\"registry.terraform.io/hashicorp/aws\"]",
      "instances": [
        {
          "schema_version": 0,
          "attributes": {
            "id": "2690255455",
            "json": "{\n  \"Version\": \"2012-10-17\",\n  \"Statement\": [\n    {\n      \"Effect\": \"Allow\",\n      \"Action\": \"sts:AssumeRole\",\n      \"Principal\": {\n        \"Service\": \"lambda.amazonaws.com\"\n      }\n    }\n  ]\n}",
            "minified_json": "{\"Version\":\"2012-10-17\",\"Statement\":[{\"Effect\":\"Allow\",\"Action\":\"sts:AssumeRole\",\"Principal\":{\"Service\":\"lambda.amazonaws.com\"}}]}",
            "override_json": null,
            "override_policy_documents": null,
            "policy_id": null,
            "source_json": null,
            "source_policy_documents": null,
            "statement": [
              {
                "actions": [
                  "sts:AssumeRole"
                ],
                "condition": [],
                "effect": "Allow",
                "not_actions": [],
                "not_principals": [],
                "not_resources": [],
                "principals": [
                  {
                    "identifiers": [
                      "lambda.amazonaws.com"
                    ],
                    "type": "Service"
                  }
                ],
                "resources": [],
                "sid": ""
              }
            ],
            "version": "2012-10-17"
          },
          "sensitive_attributes": [],
          "identity_schema_version": 0
        }
      ]
    },
    {
      "mode": "data",
      "type": "aws_region",
      "name": "current",
      "provider": "provider[\"registry.terraform.io/hashicorp/aws\"]",
      "instances": [
        {
          "schema_version": 0,
          "attributes": {
            "description": "US East (N. Virginia)",
            "endpoint": "ec2.us-east-1.amazonaws.com",
            "id": "us-east-1",
            "name": "us-east-1",
            "region": "us-east-1"
          },
          "sensitive_attributes": [],
          "identity_schema_version": 0
        }
      ]
    },
    {
      "mode": "managed",
      "type": "aws_bedrockagentcore_agent_runtime",
      "name": "agent",
      "provider": "provider[\"registry.terraform.io/hashicorp/aws\"]",
      "instances": [
        {
          "schema_version": 0,
          "attributes": {
            "agent_runtime_arn": "arn:aws:bedrock-agentcore:us-east-1:610639371721:runtime/edo_coanalyst_report-3dAfJRHyfY",
            "agent_runtime_artifact": [
              {
                "code_configuration": [],
                "container_configuration": [
                  {
                    "container_uri": "610639371721.dkr.ecr.us-east-1.amazonaws.com/edo-coanalyst-report:v127"
                  }
                ]
              }
            ],
            "agent_runtime_id": "edo_coanalyst_report-3dAfJRHyfY",
            "agent_runtime_name": "edo_coanalyst_report",
            "agent_runtime_version": "197",
            "authorizer_configuration": [],
            "description": null,
            "environment_variables": {
              "APP_REGION": "us-east-1",
              "BEST_MATCHES": "1",
              "BROWSER_ALLOW_OFFDOMAIN_DOCS": "true",
              "BROWSER_CLICK_TIMEOUT_MS": "10000",
              "BROWSER_IDENTIFIER": "aws.browser.v1",
              "BROWSER_MAX_VERIFY_CANDIDATES": "10",
              "BROWSER_NAV_MAX_DEPTH": "3",
              "BROWSER_NAV_MAX_PAGES": "25",
              "BROWSER_REGION": "us-east-1",
              "BROWSER_RESERVED_VERIFIES": "20",
              "BROWSER_RESOLVE_MAX_SECONDS": "240",
              "BROWSER_SEARCH_CANDIDATE_LIMIT": "8",
              "BROWSER_SESSION_TIMEOUT_SECONDS": "120",
              "BROWSER_SETTLE_MS": "2500",
              "BROWSER_VISION_MODEL_ID": "us.amazon.nova-2-lite-v1:0",
              "BROWSER_WAIT_UNTIL": "domcontentloaded",
              "CODE_VERSION": "v127",
              "DEEP_STATIC_MAX_DOC_CANDIDATES_PER_PAGE": "20",
              "DOMAIN_FILTER_MODE": "hard",
              "EDGAR_MAX_REQ_PER_SEC": "8",
              "EDGAR_SUSTAINABILITY_FTS": "false",
              "EDGAR_USER_AGENT": "EDO-CoAnalyst/1.0 compliance-research askdevopscloud@spglobal.com",
              "ENABLE_REGISTRY_TIER": "true",
              "ENABLE_VERTEX_IDENTITY": "true",
              "ENFORCE_SITE_DOMAIN": "true",
              "GATEWAY_SEARCH_TOOL": "web-search-tool___WebSearch",
              "GATEWAY_STRIP_SITE": "true",
              "GATEWAY_URL": "https://edo-coanalyst-report-gw-ialt8bzxwr.gateway.bedrock-agentcore.us-east-1.amazonaws.com/mcp",
              "GOOGLE_API_KEY": "",
              "GOOGLE_CX": "",
              "KNOWN_DOCUMENT_CDN_DOMAINS": "q4cdn.com",
              "LAMBDA_SEARCH_FUNCTION": "edo-coanalyst-report-vertex-search",
              "LATEST_COMPLETED_FISCAL_YEAR_CLASSES": "",
              "LATEST_COMPLETED_FISCAL_YEAR_LAG": "1",
              "LATEST_DOCUMENT_SEARCH": "true",
              "LATEST_DOCUMENT_SEARCH_VARIANTS": "6",
              "LLM_MODEL_ID": "us.anthropic.claude-sonnet-5",
              "MIN_SELECTION_CONFIDENCE": "high",
              "PROVENANCE_TABLE": "edo-coanalyst-report-provenance",
              "QUERY_MAX_VERIFIES": "100",
              "REGISTRY_FIRST_CLASSES": "annual report,proxy statement",
              "REPORTS_BUCKET": "edo-coanalyst-report-610639371721",
              "REQUIRE_OFFICIAL_DOMAIN_FOR_WEB": "true",
              "REQUIRE_VALIDATED_REGISTRY_IDENTITY": "true",
              "SEARCH_BACKEND": "vertex_lambda",
              "SELECTION_MODEL_ID": "us.anthropic.claude-sonnet-5",
              "SERPER_API_KEY": "",
              "USE_BROWSER": "true",
              "VERTEX_FALLBACK_TO_GATEWAY": "true",
              "WEB_SEARCH_MAX_RESULTS": "10"
            },
            "filesystem_configuration": [],
            "lifecycle_configuration": [
              {
                "idle_runtime_session_timeout": 1800,
                "max_lifetime": 3600
              }
            ],
            "network_configuration": [
              {
                "network_mode": "PUBLIC",
                "network_mode_config": []
              }
            ],
            "protocol_configuration": [],
            "region": "us-east-1",
            "request_header_configuration": [],
            "role_arn": "arn:aws:iam::610639371721:role/edo-coanalyst-report-exec",
            "tags": null,
            "tags_all": {
              "AppID": "ASP0017650",
              "CreatedBy": "Abhay.Lunkad",
              "Environment": "NonProd",
              "Name": "EDO-CoAnalyst-tool",
              "Owner": "anuthama.c@spglobal.com",
              "contact": "askdevopscloud@spglobal.com"
            },
            "timeouts": null,
            "workload_identity_details": [
              {
                "workload_identity_arn": "arn:aws:bedrock-agentcore:us-east-1:610639371721:workload-identity-directory/default/workload-identity/edo_coanalyst_report-3dAfJRHyfY"
              }
            ]
          },
          "sensitive_attributes": [
            [
              {
                "type": "get_attr",
                "value": "environment_variables"
              },
              {
                "type": "index",
                "value": {
                  "value": "GOOGLE_API_KEY",
                  "type": "string"
                }
              }
            ]
          ],
          "identity_schema_version": 0,
          "dependencies": [
            "aws_bedrockagentcore_gateway.web_search",
            "aws_cloudwatch_log_group.agent",
            "aws_dynamodb_table.provenance",
            "aws_ecr_repository.agent",
            "aws_iam_role.agent",
            "aws_iam_role.gateway",
            "aws_iam_role_policy.agent",
            "aws_s3_bucket.reports",
            "data.aws_caller_identity.current",
            "data.aws_iam_policy_document.agent",
            "data.aws_iam_policy_document.gateway_trust",
            "data.aws_iam_policy_document.trust",
            "data.aws_region.current"
          ]
        }
      ]
    },
    {
      "mode": "managed",
      "type": "aws_bedrockagentcore_gateway",
      "name": "web_search",
      "provider": "provider[\"registry.terraform.io/hashicorp/aws\"]",
      "instances": [
        {
          "index_key": 0,
          "schema_version": 0,
          "attributes": {
            "authorizer_configuration": [],
            "authorizer_type": "AWS_IAM",
            "description": null,
            "exception_level": null,
            "gateway_arn": "arn:aws:bedrock-agentcore:us-east-1:610639371721:gateway/edo-coanalyst-report-gw-ialt8bzxwr",
            "gateway_id": "edo-coanalyst-report-gw-ialt8bzxwr",
            "gateway_url": "https://edo-coanalyst-report-gw-ialt8bzxwr.gateway.bedrock-agentcore.us-east-1.amazonaws.com/mcp",
            "interceptor_configuration": [],
            "kms_key_arn": null,
            "name": "edo-coanalyst-report-gw",
            "policy_engine_configuration": [],
            "protocol_configuration": [
              {
                "mcp": [
                  {
                    "instructions": "Managed Web Search tool for the report-download agent.",
                    "search_type": "SEMANTIC",
                    "session_configuration": [],
                    "streaming_configuration": [],
                    "supported_versions": [
                      "2025-11-25"
                    ]
                  }
                ]
              }
            ],
            "protocol_type": "MCP",
            "region": "us-east-1",
            "role_arn": "arn:aws:iam::610639371721:role/edo-coanalyst-report-gateway-svc",
            "tags": null,
            "tags_all": {
              "AppID": "ASP0017650",
              "CreatedBy": "Abhay.Lunkad",
              "Environment": "NonProd",
              "Name": "EDO-CoAnalyst-tool",
              "Owner": "anuthama.c@spglobal.com",
              "contact": "askdevopscloud@spglobal.com"
            },
            "timeouts": null,
            "workload_identity_details": [
              {
                "workload_identity_arn": "arn:aws:bedrock-agentcore:us-east-1:610639371721:workload-identity-directory/default/workload-identity/edo-coanalyst-report-gw-ialt8bzxwr"
              }
            ]
          },
          "sensitive_attributes": [],
          "identity_schema_version": 0,
          "dependencies": [
            "aws_iam_role.gateway",
            "data.aws_caller_identity.current",
            "data.aws_iam_policy_document.gateway_trust"
          ]
        }
      ]
    },
    {
      "mode": "managed",
      "type": "aws_cloudwatch_log_group",
      "name": "agent",
      "provider": "provider[\"registry.terraform.io/hashicorp/aws\"]",
      "instances": [
        {
          "schema_version": 0,
          "attributes": {
            "arn": "arn:aws:logs:us-east-1:610639371721:log-group:/aws/bedrock-agentcore/edo-coanalyst-report",
            "deletion_protection_enabled": false,
            "id": "/aws/bedrock-agentcore/edo-coanalyst-report",
            "kms_key_id": "",
            "log_group_class": "STANDARD",
            "name": "/aws/bedrock-agentcore/edo-coanalyst-report",
            "name_prefix": "",
            "region": "us-east-1",
            "retention_in_days": 90,
            "skip_destroy": false,
            "tags": {},
            "tags_all": {
              "AppID": "ASP0017650",
              "CreatedBy": "Abhay.Lunkad",
              "Environment": "NonProd",
              "Name": "EDO-CoAnalyst-tool",
              "Owner": "anuthama.c@spglobal.com",
              "contact": "askdevopscloud@spglobal.com"
            }
          },
          "sensitive_attributes": [],
          "identity_schema_version": 0,
          "identity": {
            "account_id": "610639371721",
            "name": "/aws/bedrock-agentcore/edo-coanalyst-report",
            "region": "us-east-1"
          },
          "private": "bnVsbA=="
        }
      ]
    },
    {
      "mode": "managed",
      "type": "aws_cloudwatch_log_group",
      "name": "vertex_lambda",
      "provider": "provider[\"registry.terraform.io/hashicorp/aws\"]",
      "instances": [
        {
          "schema_version": 0,
          "attributes": {
            "arn": "arn:aws:logs:us-east-1:610639371721:log-group:/aws/lambda/edo-coanalyst-report-vertex-search",
            "deletion_protection_enabled": false,
            "id": "/aws/lambda/edo-coanalyst-report-vertex-search",
            "kms_key_id": "",
            "log_group_class": "STANDARD",
            "name": "/aws/lambda/edo-coanalyst-report-vertex-search",
            "name_prefix": "",
            "region": "us-east-1",
            "retention_in_days": 90,
            "skip_destroy": false,
            "tags": {
              "AppID": "ASP0017650",
              "CreatedBy": "Abhay.Lunkad",
              "Environment": "NonProd",
              "Name": "CSA",
              "Owner": "anuthama.c@spglobal.com",
              "contact": "askdevopscloud@spglobal.com"
            },
            "tags_all": {
              "AppID": "ASP0017650",
              "CreatedBy": "Abhay.Lunkad",
              "Environment": "NonProd",
              "Name": "CSA",
              "Owner": "anuthama.c@spglobal.com",
              "contact": "askdevopscloud@spglobal.com"
            }
          },
          "sensitive_attributes": [],
          "identity_schema_version": 0,
          "identity": {
            "account_id": "610639371721",
            "name": "/aws/lambda/edo-coanalyst-report-vertex-search",
            "region": "us-east-1"
          },
          "private": "bnVsbA=="
        }
      ]
    },
    {
      "mode": "managed",
      "type": "aws_dynamodb_table",
      "name": "provenance",
      "provider": "provider[\"registry.terraform.io/hashicorp/aws\"]",
      "instances": [
        {
          "schema_version": 1,
          "attributes": {
            "arn": "arn:aws:dynamodb:us-east-1:610639371721:table/edo-coanalyst-report-provenance",
            "attribute": [
              {
                "name": "company",
                "type": "S"
              },
              {
                "name": "s3_key",
                "type": "S"
              }
            ],
            "billing_mode": "PAY_PER_REQUEST",
            "deletion_protection_enabled": false,
            "global_secondary_index": [],
            "global_table_witness": [],
            "hash_key": "company",
            "id": "edo-coanalyst-report-provenance",
            "import_table": [],
            "local_secondary_index": [],
            "name": "edo-coanalyst-report-provenance",
            "on_demand_throughput": [],
            "point_in_time_recovery": [
              {
                "enabled": true,
                "recovery_period_in_days": 35
              }
            ],
            "range_key": "s3_key",
            "read_capacity": 0,
            "region": "us-east-1",
            "replica": [],
            "restore_backup_arn": null,
            "restore_date_time": null,
            "restore_source_name": null,
            "restore_source_table_arn": null,
            "restore_to_latest_time": null,
            "server_side_encryption": [
              {
                "enabled": true,
                "kms_key_arn": ""
              }
            ],
            "stream_arn": "",
            "stream_enabled": false,
            "stream_label": "",
            "stream_view_type": "",
            "table_class": "STANDARD",
            "tags": {},
            "tags_all": {
              "AppID": "ASP0017650",
              "CreatedBy": "Abhay.Lunkad",
              "Environment": "NonProd",
              "Name": "EDO-CoAnalyst-tool",
              "Owner": "anuthama.c@spglobal.com",
              "contact": "askdevopscloud@spglobal.com"
            },
            "timeouts": null,
            "ttl": [
              {
                "attribute_name": "",
                "enabled": false
              }
            ],
            "warm_throughput": [],
            "write_capacity": 0
          },
          "sensitive_attributes": [],
          "identity_schema_version": 0,
          "identity": {
            "account_id": "610639371721",
            "name": "edo-coanalyst-report-provenance",
            "region": "us-east-1"
          },
          "private": "eyJlMmJmYjczMC1lY2FhLTExZTYtOGY4OC0zNDM2M2JjN2M0YzAiOnsiY3JlYXRlIjoxODAwMDAwMDAwMDAwLCJkZWxldGUiOjYwMDAwMDAwMDAwMCwidXBkYXRlIjozNjAwMDAwMDAwMDAwfSwic2NoZW1hX3ZlcnNpb24iOiIxIn0="
        }
      ]
    },
    {
      "mode": "managed",
      "type": "aws_ecr_repository",
      "name": "agent",
      "provider": "provider[\"registry.terraform.io/hashicorp/aws\"]",
      "instances": [
        {
          "schema_version": 0,
          "attributes": {
            "arn": "arn:aws:ecr:us-east-1:610639371721:repository/edo-coanalyst-report",
            "encryption_configuration": [
              {
                "encryption_type": "AES256",
                "kms_key": ""
              }
            ],
            "force_delete": null,
            "id": "edo-coanalyst-report",
            "image_scanning_configuration": [
              {
                "scan_on_push": true
              }
            ],
            "image_tag_mutability": "MUTABLE",
            "image_tag_mutability_exclusion_filter": [],
            "name": "edo-coanalyst-report",
            "region": "us-east-1",
            "registry_id": "610639371721",
            "repository_url": "610639371721.dkr.ecr.us-east-1.amazonaws.com/edo-coanalyst-report",
            "tags": {},
            "tags_all": {
              "AppID": "ASP0017650",
              "CreatedBy": "Abhay.Lunkad",
              "Environment": "NonProd",
              "Name": "EDO-CoAnalyst-tool",
              "Owner": "anuthama.c@spglobal.com",
              "contact": "askdevopscloud@spglobal.com"
            },
            "timeouts": null
          },
          "sensitive_attributes": [],
          "identity_schema_version": 0,
          "identity": {
            "account_id": "610639371721",
            "name": "edo-coanalyst-report",
            "region": "us-east-1"
          },
          "private": "eyJlMmJmYjczMC1lY2FhLTExZTYtOGY4OC0zNDM2M2JjN2M0YzAiOnsiZGVsZXRlIjoxMjAwMDAwMDAwMDAwfX0="
        }
      ]
    },
    {
      "mode": "managed",
      "type": "aws_ecr_repository",
      "name": "vertex_search",
      "provider": "provider[\"registry.terraform.io/hashicorp/aws\"]",
      "instances": [
        {
          "schema_version": 0,
          "attributes": {
            "arn": "arn:aws:ecr:us-east-1:610639371721:repository/edo-coanalyst-report-vertex-search",
            "encryption_configuration": [
              {
                "encryption_type": "AES256",
                "kms_key": ""
              }
            ],
            "force_delete": null,
            "id": "edo-coanalyst-report-vertex-search",
            "image_scanning_configuration": [
              {
                "scan_on_push": true
              }
            ],
            "image_tag_mutability": "MUTABLE",
            "image_tag_mutability_exclusion_filter": [],
            "name": "edo-coanalyst-report-vertex-search",
            "region": "us-east-1",
            "registry_id": "610639371721",
            "repository_url": "610639371721.dkr.ecr.us-east-1.amazonaws.com/edo-coanalyst-report-vertex-search",
            "tags": {
              "AppID": "ASP0017650",
              "CreatedBy": "Abhay.Lunkad",
              "Environment": "NonProd",
              "Name": "CSA",
              "Owner": "anuthama.c@spglobal.com",
              "contact": "askdevopscloud@spglobal.com"
            },
            "tags_all": {
              "AppID": "ASP0017650",
              "CreatedBy": "Abhay.Lunkad",
              "Environment": "NonProd",
              "Name": "CSA",
              "Owner": "anuthama.c@spglobal.com",
              "contact": "askdevopscloud@spglobal.com"
            },
            "timeouts": null
          },
          "sensitive_attributes": [],
          "identity_schema_version": 0,
          "identity": {
            "account_id": "610639371721",
            "name": "edo-coanalyst-report-vertex-search",
            "region": "us-east-1"
          },
          "private": "eyJlMmJmYjczMC1lY2FhLTExZTYtOGY4OC0zNDM2M2JjN2M0YzAiOnsiZGVsZXRlIjoxMjAwMDAwMDAwMDAwfX0="
        }
      ]
    },
    {
      "mode": "managed",
      "type": "aws_iam_role",
      "name": "agent",
      "provider": "provider[\"registry.terraform.io/hashicorp/aws\"]",
      "instances": [
        {
          "schema_version": 0,
          "attributes": {
            "arn": "arn:aws:iam::610639371721:role/edo-coanalyst-report-exec",
            "assume_role_policy": "{\"Statement\":[{\"Action\":\"sts:AssumeRole\",\"Condition\":{\"StringEquals\":{\"aws:SourceAccount\":\"610639371721\"}},\"Effect\":\"Allow\",\"Principal\":{\"Service\":\"bedrock-agentcore.amazonaws.com\"}}],\"Version\":\"2012-10-17\"}",
            "create_date": "2026-06-24T18:09:29Z",
            "description": "",
            "force_detach_policies": false,
            "id": "edo-coanalyst-report-exec",
            "inline_policy": [
              {
                "name": "agent",
                "policy": "{\"Version\":\"2012-10-17\",\"Statement\":[{\"Action\":[\"s3:PutObject\",\"s3:ListBucket\",\"s3:GetObject\",\"s3:DeleteObject\"],\"Effect\":\"Allow\",\"Resource\":[\"arn:aws:s3:::edo-coanalyst-report-610639371721/*\",\"arn:aws:s3:::edo-coanalyst-report-610639371721\"],\"Sid\":\"WriteReports\"},{\"Action\":[\"dynamodb:UpdateItem\",\"dynamodb:Query\",\"dynamodb:PutItem\",\"dynamodb:GetItem\",\"dynamodb:DeleteItem\"],\"Effect\":\"Allow\",\"Resource\":[\"arn:aws:dynamodb:us-east-1:610639371721:table/edo-coanalyst-report-provenance/index/*\",\"arn:aws:dynamodb:us-east-1:610639371721:table/edo-coanalyst-report-provenance\"],\"Sid\":\"Provenance\"},{\"Action\":[\"ecr:GetDownloadUrlForLayer\",\"ecr:GetAuthorizationToken\",\"ecr:BatchGetImage\",\"ecr:BatchCheckLayerAvailability\"],\"Effect\":\"Allow\",\"Resource\":\"*\",\"Sid\":\"PullImage\"},{\"Action\":[\"logs:PutLogEvents\",\"logs:CreateLogStream\",\"logs:CreateLogGroup\"],\"Effect\":\"Allow\",\"Resource\":\"*\",\"Sid\":\"Logs\"},{\"Action\":[\"bedrock:InvokeModelWithResponseStream\",\"bedrock:InvokeModel\"],\"Effect\":\"Allow\",\"Resource\":\"*\",\"Sid\":\"InvokeModel\"},{\"Action\":\"bedrock-agentcore:InvokeGateway\",\"Effect\":\"Allow\",\"Resource\":\"arn:aws:bedrock-agentcore:us-east-1:610639371721:gateway/*\",\"Sid\":\"InvokeGateway\"},{\"Action\":[\"bedrock-agentcore:StopBrowserSession\",\"bedrock-agentcore:StartBrowserSession\",\"bedrock-agentcore:ListBrowserSessions\",\"bedrock-agentcore:GetBrowserSession\",\"bedrock-agentcore:ConnectBrowserLiveViewStream\",\"bedrock-agentcore:ConnectBrowserAutomationStream\"],\"Effect\":\"Allow\",\"Resource\":[\"arn:aws:bedrock-agentcore:us-east-1:aws:browser/aws.browser.v1\",\"arn:aws:bedrock-agentcore:us-east-1:610639371721:browser-session/*\"],\"Sid\":\"BrowserTool\"}]}"
              },
              {
                "name": "invoke-vertex-search",
                "policy": "{\"Version\":\"2012-10-17\",\"Statement\":[{\"Action\":\"lambda:InvokeFunction\",\"Effect\":\"Allow\",\"Resource\":\"arn:aws:lambda:us-east-1:610639371721:function:edo-coanalyst-report-vertex-search\",\"Sid\":\"InvokeVertexSearchLambda\"}]}"
              }
            ],
            "managed_policy_arns": [],
            "max_session_duration": 3600,
            "name": "edo-coanalyst-report-exec",
            "name_prefix": "",
            "path": "/",
            "permissions_boundary": "",
            "tags": {},
            "tags_all": {
              "AppID": "ASP0017650",
              "CreatedBy": "Abhay.Lunkad",
              "Environment": "NonProd",
              "Name": "EDO-CoAnalyst-tool",
              "Owner": "anuthama.c@spglobal.com",
              "contact": "askdevopscloud@spglobal.com"
            },
            "unique_id": "AROAY4LHRLXEZETT7MT6H"
          },
          "sensitive_attributes": [],
          "identity_schema_version": 0,
          "identity": {
            "account_id": "610639371721",
            "name": "edo-coanalyst-report-exec"
          },
          "private": "bnVsbA==",
          "dependencies": [
            "data.aws_caller_identity.current",
            "data.aws_iam_policy_document.trust"
          ]
        }
      ]
    },
    {
      "mode": "managed",
      "type": "aws_iam_role",
      "name": "gateway",
      "provider": "provider[\"registry.terraform.io/hashicorp/aws\"]",
      "instances": [
        {
          "index_key": 0,
          "schema_version": 0,
          "attributes": {
            "arn": "arn:aws:iam::610639371721:role/edo-coanalyst-report-gateway-svc",
            "assume_role_policy": "{\"Statement\":[{\"Action\":\"sts:AssumeRole\",\"Condition\":{\"StringEquals\":{\"aws:SourceAccount\":\"610639371721\"}},\"Effect\":\"Allow\",\"Principal\":{\"Service\":\"bedrock-agentcore.amazonaws.com\"}}],\"Version\":\"2012-10-17\"}",
            "create_date": "2026-07-14T07:42:13Z",
            "description": "",
            "force_detach_policies": false,
            "id": "edo-coanalyst-report-gateway-svc",
            "inline_policy": [
              {
                "name": "gateway-perms",
                "policy": "{\"Version\":\"2012-10-17\",\"Statement\":[{\"Action\":\"bedrock-agentcore:InvokeGateway\",\"Effect\":\"Allow\",\"Resource\":\"arn:aws:bedrock-agentcore:us-east-1:610639371721:gateway/*\",\"Sid\":\"InvokeGateway\"},{\"Action\":\"bedrock-agentcore:InvokeWebSearch\",\"Effect\":\"Allow\",\"Resource\":\"arn:aws:bedrock-agentcore:us-east-1:aws:tool/web-search.v1\",\"Sid\":\"InvokeWebSearch\"}]}"
              }
            ],
            "managed_policy_arns": [],
            "max_session_duration": 3600,
            "name": "edo-coanalyst-report-gateway-svc",
            "name_prefix": "",
            "path": "/",
            "permissions_boundary": "",
            "tags": {},
            "tags_all": {
              "AppID": "ASP0017650",
              "CreatedBy": "Abhay.Lunkad",
              "Environment": "NonProd",
              "Name": "EDO-CoAnalyst-tool",
              "Owner": "anuthama.c@spglobal.com",
              "contact": "askdevopscloud@spglobal.com"
            },
            "unique_id": "AROAY4LHRLXEVSIAOE3RF"
          },
          "sensitive_attributes": [],
          "identity_schema_version": 0,
          "identity": {
            "account_id": "610639371721",
            "name": "edo-coanalyst-report-gateway-svc"
          },
          "private": "bnVsbA==",
          "dependencies": [
            "data.aws_caller_identity.current",
            "data.aws_iam_policy_document.gateway_trust"
          ]
        }
      ]
    },
    {
      "mode": "managed",
      "type": "aws_iam_role",
      "name": "vertex_lambda",
      "provider": "provider[\"registry.terraform.io/hashicorp/aws\"]",
      "instances": [
        {
          "schema_version": 0,
          "attributes": {
            "arn": "arn:aws:iam::610639371721:role/edo-coanalyst-report-vertex-search-exec",
            "assume_role_policy": "{\"Statement\":[{\"Action\":\"sts:AssumeRole\",\"Effect\":\"Allow\",\"Principal\":{\"Service\":\"lambda.amazonaws.com\"}}],\"Version\":\"2012-10-17\"}",
            "create_date": "2026-07-14T09:24:44Z",
            "description": "",
            "force_detach_policies": false,
            "id": "edo-coanalyst-report-vertex-search-exec",
            "inline_policy": [
              {
                "name": "vertex-search-perms",
                "policy": "{\"Version\":\"2012-10-17\",\"Statement\":[{\"Action\":[\"logs:PutLogEvents\",\"logs:CreateLogStream\",\"logs:CreateLogGroup\"],\"Effect\":\"Allow\",\"Resource\":\"arn:aws:logs:us-east-1:610639371721:log-group:/aws/lambda/edo-coanalyst-report-vertex-search:*\",\"Sid\":\"Logs\"},{\"Action\":\"secretsmanager:GetSecretValue\",\"Effect\":\"Allow\",\"Resource\":\"arn:aws:secretsmanager:us-east-1:610639371721:secret:GCP_Vertex_Service_Account_Key-cIW9TD\",\"Sid\":\"ReadGcpKey\"}]}"
              }
            ],
            "managed_policy_arns": [],
            "max_session_duration": 3600,
            "name": "edo-coanalyst-report-vertex-search-exec",
            "name_prefix": "",
            "path": "/",
            "permissions_boundary": "",
            "tags": {
              "AppID": "ASP0017650",
              "CreatedBy": "Abhay.Lunkad",
              "Environment": "NonProd",
              "Name": "CSA",
              "Owner": "anuthama.c@spglobal.com",
              "contact": "askdevopscloud@spglobal.com"
            },
            "tags_all": {
              "AppID": "ASP0017650",
              "CreatedBy": "Abhay.Lunkad",
              "Environment": "NonProd",
              "Name": "CSA",
              "Owner": "anuthama.c@spglobal.com",
              "contact": "askdevopscloud@spglobal.com"
            },
            "unique_id": "AROAY4LHRLXESSN7XDHYF"
          },
          "sensitive_attributes": [],
          "identity_schema_version": 0,
          "identity": {
            "account_id": "610639371721",
            "name": "edo-coanalyst-report-vertex-search-exec"
          },
          "private": "bnVsbA==",
          "dependencies": [
            "data.aws_iam_policy_document.vertex_lambda_trust"
          ]
        }
      ]
    },
    {
      "mode": "managed",
      "type": "aws_iam_role_policy",
      "name": "agent",
      "provider": "provider[\"registry.terraform.io/hashicorp/aws\"]",
      "instances": [
        {
          "schema_version": 0,
          "attributes": {
            "id": "edo-coanalyst-report-exec:agent",
            "name": "agent",
            "name_prefix": "",
            "policy": "{\"Version\":\"2012-10-17\",\"Statement\":[{\"Action\":[\"s3:PutObject\",\"s3:ListBucket\",\"s3:GetObject\",\"s3:DeleteObject\"],\"Effect\":\"Allow\",\"Resource\":[\"arn:aws:s3:::edo-coanalyst-report-610639371721/*\",\"arn:aws:s3:::edo-coanalyst-report-610639371721\"],\"Sid\":\"WriteReports\"},{\"Action\":[\"dynamodb:UpdateItem\",\"dynamodb:Query\",\"dynamodb:PutItem\",\"dynamodb:GetItem\",\"dynamodb:DeleteItem\"],\"Effect\":\"Allow\",\"Resource\":[\"arn:aws:dynamodb:us-east-1:610639371721:table/edo-coanalyst-report-provenance/index/*\",\"arn:aws:dynamodb:us-east-1:610639371721:table/edo-coanalyst-report-provenance\"],\"Sid\":\"Provenance\"},{\"Action\":[\"ecr:GetDownloadUrlForLayer\",\"ecr:GetAuthorizationToken\",\"ecr:BatchGetImage\",\"ecr:BatchCheckLayerAvailability\"],\"Effect\":\"Allow\",\"Resource\":\"*\",\"Sid\":\"PullImage\"},{\"Action\":[\"logs:PutLogEvents\",\"logs:CreateLogStream\",\"logs:CreateLogGroup\"],\"Effect\":\"Allow\",\"Resource\":\"*\",\"Sid\":\"Logs\"},{\"Action\":[\"bedrock:InvokeModelWithResponseStream\",\"bedrock:InvokeModel\"],\"Effect\":\"Allow\",\"Resource\":\"*\",\"Sid\":\"InvokeModel\"},{\"Action\":\"bedrock-agentcore:InvokeGateway\",\"Effect\":\"Allow\",\"Resource\":\"arn:aws:bedrock-agentcore:us-east-1:610639371721:gateway/*\",\"Sid\":\"InvokeGateway\"},{\"Action\":[\"bedrock-agentcore:StopBrowserSession\",\"bedrock-agentcore:StartBrowserSession\",\"bedrock-agentcore:ListBrowserSessions\",\"bedrock-agentcore:GetBrowserSession\",\"bedrock-agentcore:ConnectBrowserLiveViewStream\",\"bedrock-agentcore:ConnectBrowserAutomationStream\"],\"Effect\":\"Allow\",\"Resource\":[\"arn:aws:bedrock-agentcore:us-east-1:aws:browser/aws.browser.v1\",\"arn:aws:bedrock-agentcore:us-east-1:610639371721:browser-session/*\"],\"Sid\":\"BrowserTool\"}]}",
            "role": "edo-coanalyst-report-exec"
          },
          "sensitive_attributes": [],
          "identity_schema_version": 0,
          "identity": {
            "account_id": "610639371721",
            "name": "agent",
            "role": "edo-coanalyst-report-exec"
          },
          "private": "bnVsbA==",
          "dependencies": [
            "aws_dynamodb_table.provenance",
            "aws_iam_role.agent",
            "aws_s3_bucket.reports",
            "data.aws_caller_identity.current",
            "data.aws_iam_policy_document.agent",
            "data.aws_iam_policy_document.trust",
            "data.aws_region.current"
          ]
        }
      ]
    },
    {
      "mode": "managed",
      "type": "aws_iam_role_policy",
      "name": "agent_invoke_vertex",
      "provider": "provider[\"registry.terraform.io/hashicorp/aws\"]",
      "instances": [
        {
          "schema_version": 0,
          "attributes": {
            "id": "edo-coanalyst-report-exec:invoke-vertex-search",
            "name": "invoke-vertex-search",
            "name_prefix": "",
            "policy": "{\"Version\":\"2012-10-17\",\"Statement\":[{\"Action\":\"lambda:InvokeFunction\",\"Effect\":\"Allow\",\"Resource\":\"arn:aws:lambda:us-east-1:610639371721:function:edo-coanalyst-report-vertex-search\",\"Sid\":\"InvokeVertexSearchLambda\"}]}",
            "role": "edo-coanalyst-report-exec"
          },
          "sensitive_attributes": [],
          "identity_schema_version": 0,
          "identity": {
            "account_id": "610639371721",
            "name": "invoke-vertex-search",
            "role": "edo-coanalyst-report-exec"
          },
          "private": "bnVsbA==",
          "dependencies": [
            "aws_cloudwatch_log_group.vertex_lambda",
            "aws_ecr_repository.vertex_search",
            "aws_iam_role.agent",
            "aws_iam_role.vertex_lambda",
            "aws_iam_role_policy.vertex_lambda",
            "aws_lambda_function.vertex_search",
            "data.aws_caller_identity.current",
            "data.aws_iam_policy_document.agent_invoke_vertex",
            "data.aws_iam_policy_document.trust",
            "data.aws_iam_policy_document.vertex_lambda_perms",
            "data.aws_iam_policy_document.vertex_lambda_trust",
            "data.aws_region.current"
          ]
        }
      ]
    },
    {
      "mode": "managed",
      "type": "aws_iam_role_policy",
      "name": "gateway",
      "provider": "provider[\"registry.terraform.io/hashicorp/aws\"]",
      "instances": [
        {
          "index_key": 0,
          "schema_version": 0,
          "attributes": {
            "id": "edo-coanalyst-report-gateway-svc:gateway-perms",
            "name": "gateway-perms",
            "name_prefix": "",
            "policy": "{\"Version\":\"2012-10-17\",\"Statement\":[{\"Action\":\"bedrock-agentcore:InvokeGateway\",\"Effect\":\"Allow\",\"Resource\":\"arn:aws:bedrock-agentcore:us-east-1:610639371721:gateway/*\",\"Sid\":\"InvokeGateway\"},{\"Action\":\"bedrock-agentcore:InvokeWebSearch\",\"Effect\":\"Allow\",\"Resource\":\"arn:aws:bedrock-agentcore:us-east-1:aws:tool/web-search.v1\",\"Sid\":\"InvokeWebSearch\"}]}",
            "role": "edo-coanalyst-report-gateway-svc"
          },
          "sensitive_attributes": [],
          "identity_schema_version": 0,
          "identity": {
            "account_id": "610639371721",
            "name": "gateway-perms",
            "role": "edo-coanalyst-report-gateway-svc"
          },
          "private": "bnVsbA==",
          "dependencies": [
            "aws_iam_role.gateway",
            "data.aws_caller_identity.current",
            "data.aws_iam_policy_document.gateway_perms",
            "data.aws_iam_policy_document.gateway_trust",
            "data.aws_region.current"
          ]
        }
      ]
    },
    {
      "mode": "managed",
      "type": "aws_iam_role_policy",
      "name": "vertex_lambda",
      "provider": "provider[\"registry.terraform.io/hashicorp/aws\"]",
      "instances": [
        {
          "schema_version": 0,
          "attributes": {
            "id": "edo-coanalyst-report-vertex-search-exec:vertex-search-perms",
            "name": "vertex-search-perms",
            "name_prefix": "",
            "policy": "{\"Version\":\"2012-10-17\",\"Statement\":[{\"Action\":[\"logs:PutLogEvents\",\"logs:CreateLogStream\",\"logs:CreateLogGroup\"],\"Effect\":\"Allow\",\"Resource\":\"arn:aws:logs:us-east-1:610639371721:log-group:/aws/lambda/edo-coanalyst-report-vertex-search:*\",\"Sid\":\"Logs\"},{\"Action\":\"secretsmanager:GetSecretValue\",\"Effect\":\"Allow\",\"Resource\":\"arn:aws:secretsmanager:us-east-1:610639371721:secret:GCP_Vertex_Service_Account_Key-cIW9TD\",\"Sid\":\"ReadGcpKey\"}]}",
            "role": "edo-coanalyst-report-vertex-search-exec"
          },
          "sensitive_attributes": [],
          "identity_schema_version": 0,
          "identity": {
            "account_id": "610639371721",
            "name": "vertex-search-perms",
            "role": "edo-coanalyst-report-vertex-search-exec"
          },
          "private": "bnVsbA==",
          "dependencies": [
            "aws_iam_role.vertex_lambda",
            "data.aws_caller_identity.current",
            "data.aws_iam_policy_document.vertex_lambda_perms",
            "data.aws_iam_policy_document.vertex_lambda_trust",
            "data.aws_region.current"
          ]
        }
      ]
    },
    {
      "mode": "managed",
      "type": "aws_lambda_function",
      "name": "vertex_search",
      "provider": "provider[\"registry.terraform.io/hashicorp/aws\"]",
      "instances": [
        {
          "schema_version": 0,
          "attributes": {
            "architectures": [
              "arm64"
            ],
            "arn": "arn:aws:lambda:us-east-1:610639371721:function:edo-coanalyst-report-vertex-search",
            "capacity_provider_config": [],
            "code_sha256": "283238718af48b14cee673a642906f3049b40f5ec4cf65604eaf9f18127ca202",
            "code_signing_config_arn": "",
            "dead_letter_config": [],
            "description": "",
            "durable_config": [],
            "environment": [
              {
                "variables": {
                  "DEFAULT_MAX_RESULTS": "10",
                  "GCP_SECRET_NAME": "GCP_Vertex_Service_Account_Key",
                  "IDENTITY_MAX_RESULTS": "8",
                  "REDIRECT_TIMEOUT": "5",
                  "REDIRECT_WORKERS": "8",
                  "VERTEX_LOCATION": "global",
                  "VERTEX_MODEL_ID": "gemini-2.5-flash"
                }
              }
            ],
            "ephemeral_storage": [
              {
                "size": 512
              }
            ],
            "file_system_config": [],
            "filename": null,
            "function_name": "edo-coanalyst-report-vertex-search",
            "handler": "",
            "id": "edo-coanalyst-report-vertex-search",
            "image_config": [],
            "image_uri": "610639371721.dkr.ecr.us-east-1.amazonaws.com/edo-coanalyst-report-vertex-search:v128",
            "invoke_arn": "arn:aws:apigateway:us-east-1:lambda:path/2015-03-31/functions/arn:aws:lambda:us-east-1:610639371721:function:edo-coanalyst-report-vertex-search/invocations",
            "kms_key_arn": "",
            "last_modified": "2026-07-29T19:34:02.000+0000",
            "layers": [],
            "logging_config": [
              {
                "application_log_level": "",
                "log_format": "Text",
                "log_group": "/aws/lambda/edo-coanalyst-report-vertex-search",
                "system_log_level": ""
              }
            ],
            "memory_size": 512,
            "package_type": "Image",
            "publish": false,
            "publish_to": null,
            "qualified_arn": "arn:aws:lambda:us-east-1:610639371721:function:edo-coanalyst-report-vertex-search:$LATEST",
            "qualified_invoke_arn": "arn:aws:apigateway:us-east-1:lambda:path/2015-03-31/functions/arn:aws:lambda:us-east-1:610639371721:function:edo-coanalyst-report-vertex-search:$LATEST/invocations",
            "region": "us-east-1",
            "replace_security_groups_on_destroy": null,
            "replacement_security_group_ids": null,
            "reserved_concurrent_executions": -1,
            "response_streaming_invoke_arn": "arn:aws:apigateway:us-east-1:lambda:path/2021-11-15/functions/arn:aws:lambda:us-east-1:610639371721:function:edo-coanalyst-report-vertex-search/response-streaming-invocations",
            "role": "arn:aws:iam::610639371721:role/edo-coanalyst-report-vertex-search-exec",
            "runtime": "",
            "s3_bucket": null,
            "s3_key": null,
            "s3_object_version": null,
            "signing_job_arn": "",
            "signing_profile_version_arn": "",
            "skip_destroy": false,
            "snap_start": [],
            "source_code_hash": "",
            "source_code_size": 0,
            "source_kms_key_arn": "",
            "tags": {
              "AppID": "ASP0017650",
              "CreatedBy": "Abhay.Lunkad",
              "Environment": "NonProd",
              "Name": "CSA",
              "Owner": "anuthama.c@spglobal.com",
              "contact": "askdevopscloud@spglobal.com"
            },
            "tags_all": {
              "AppID": "ASP0017650",
              "CreatedBy": "Abhay.Lunkad",
              "Environment": "NonProd",
              "Name": "CSA",
              "Owner": "anuthama.c@spglobal.com",
              "contact": "askdevopscloud@spglobal.com"
            },
            "tenancy_config": [],
            "timeout": 900,
            "timeouts": null,
            "tracing_config": [
              {
                "mode": "PassThrough"
              }
            ],
            "use_resource_timeout_for_propagation": null,
            "version": "$LATEST",
            "vpc_config": []
          },
          "sensitive_attributes": [],
          "identity_schema_version": 0,
          "identity": {
            "account_id": "610639371721",
            "function_name": "edo-coanalyst-report-vertex-search",
            "region": "us-east-1"
          },
          "private": "eyJlMmJmYjczMC1lY2FhLTExZTYtOGY4OC0zNDM2M2JjN2M0YzAiOnsiY3JlYXRlIjo2MDAwMDAwMDAwMDAsImRlbGV0ZSI6NjAwMDAwMDAwMDAwLCJ1cGRhdGUiOjYwMDAwMDAwMDAwMH19",
          "dependencies": [
            "aws_cloudwatch_log_group.vertex_lambda",
            "aws_ecr_repository.vertex_search",
            "aws_iam_role.vertex_lambda",
            "aws_iam_role_policy.vertex_lambda",
            "data.aws_caller_identity.current",
            "data.aws_iam_policy_document.vertex_lambda_perms",
            "data.aws_iam_policy_document.vertex_lambda_trust",
            "data.aws_region.current"
          ]
        }
      ]
    },
    {
      "mode": "managed",
      "type": "aws_s3_bucket",
      "name": "reports",
      "provider": "provider[\"registry.terraform.io/hashicorp/aws\"]",
      "instances": [
        {
          "schema_version": 0,
          "attributes": {
            "acceleration_status": "",
            "acl": null,
            "arn": "arn:aws:s3:::edo-coanalyst-report-610639371721",
            "bucket": "edo-coanalyst-report-610639371721",
            "bucket_domain_name": "edo-coanalyst-report-610639371721.s3.amazonaws.com",
            "bucket_namespace": "global",
            "bucket_prefix": "",
            "bucket_region": "us-east-1",
            "bucket_regional_domain_name": "edo-coanalyst-report-610639371721.s3.us-east-1.amazonaws.com",
            "cors_rule": [],
            "force_destroy": false,
            "grant": [
              {
                "id": "42fd8054d1a26d75e38d3fea1f5f6cd0450f83ca075ed11e07004e041b490da8",
                "permissions": [
                  "FULL_CONTROL"
                ],
                "type": "CanonicalUser",
                "uri": ""
              }
            ],
            "hosted_zone_id": "Z3AQBSTGFYJSTF",
            "id": "edo-coanalyst-report-610639371721",
            "lifecycle_rule": [
              {
                "abort_incomplete_multipart_upload_days": 0,
                "enabled": true,
                "expiration": [],
                "id": "Move to Intelligent-Tiering",
                "noncurrent_version_expiration": [],
                "noncurrent_version_transition": [
                  {
                    "days": 0,
                    "storage_class": "INTELLIGENT_TIERING"
                  }
                ],
                "prefix": "",
                "tags": {},
                "transition": [
                  {
                    "date": "",
                    "days": 0,
                    "storage_class": "INTELLIGENT_TIERING"
                  }
                ]
              }
            ],
            "logging": [],
            "object_lock_configuration": [],
            "object_lock_enabled": false,
            "policy": "",
            "region": "us-east-1",
            "replication_configuration": [],
            "request_payer": "BucketOwner",
            "server_side_encryption_configuration": [
              {
                "rule": [
                  {
                    "apply_server_side_encryption_by_default": [
                      {
                        "kms_master_key_id": "",
                        "sse_algorithm": "aws:kms"
                      }
                    ],
                    "bucket_key_enabled": true
                  }
                ]
              }
            ],
            "tags": {},
            "tags_all": {
              "AppID": "ASP0017650",
              "CreatedBy": "Abhay.Lunkad",
              "Environment": "NonProd",
              "Name": "EDO-CoAnalyst-tool",
              "Owner": "anuthama.c@spglobal.com",
              "contact": "askdevopscloud@spglobal.com"
            },
            "timeouts": null,
            "versioning": [
              {
                "enabled": true,
                "mfa_delete": false
              }
            ],
            "website": [],
            "website_domain": null,
            "website_endpoint": null
          },
          "sensitive_attributes": [],
          "identity_schema_version": 0,
          "identity": {
            "account_id": "610639371721",
            "bucket": "edo-coanalyst-report-610639371721",
            "region": "us-east-1"
          },
          "private": "eyJlMmJmYjczMC1lY2FhLTExZTYtOGY4OC0zNDM2M2JjN2M0YzAiOnsiY3JlYXRlIjoxMjAwMDAwMDAwMDAwLCJkZWxldGUiOjM2MDAwMDAwMDAwMDAsInJlYWQiOjEyMDAwMDAwMDAwMDAsInVwZGF0ZSI6MTIwMDAwMDAwMDAwMH19",
          "dependencies": [
            "data.aws_caller_identity.current"
          ]
        }
      ]
    },
    {
      "mode": "managed",
      "type": "aws_s3_bucket_public_access_block",
      "name": "reports",
      "provider": "provider[\"registry.terraform.io/hashicorp/aws\"]",
      "instances": [
        {
          "schema_version": 0,
          "attributes": {
            "block_public_acls": true,
            "block_public_policy": true,
            "bucket": "edo-coanalyst-report-610639371721",
            "id": "edo-coanalyst-report-610639371721",
            "ignore_public_acls": true,
            "region": "us-east-1",
            "restrict_public_buckets": true,
            "skip_destroy": null
          },
          "sensitive_attributes": [],
          "identity_schema_version": 0,
          "identity": {
            "account_id": "610639371721",
            "bucket": "edo-coanalyst-report-610639371721",
            "region": "us-east-1"
          },
          "private": "bnVsbA==",
          "dependencies": [
            "aws_s3_bucket.reports",
            "data.aws_caller_identity.current"
          ]
        }
      ]
    },
    {
      "mode": "managed",
      "type": "aws_s3_bucket_server_side_encryption_configuration",
      "name": "reports",
      "provider": "provider[\"registry.terraform.io/hashicorp/aws\"]",
      "instances": [
        {
          "schema_version": 0,
          "attributes": {
            "bucket": "edo-coanalyst-report-610639371721",
            "expected_bucket_owner": "",
            "id": "edo-coanalyst-report-610639371721",
            "region": "us-east-1",
            "rule": [
              {
                "apply_server_side_encryption_by_default": [
                  {
                    "kms_master_key_id": "",
                    "sse_algorithm": "aws:kms"
                  }
                ],
                "blocked_encryption_types": [
                  "SSE-C"
                ],
                "bucket_key_enabled": true
              }
            ]
          },
          "sensitive_attributes": [],
          "identity_schema_version": 1,
          "identity": {
            "account_id": "610639371721",
            "bucket": "edo-coanalyst-report-610639371721",
            "region": "us-east-1"
          },
          "private": "bnVsbA==",
          "dependencies": [
            "aws_s3_bucket.reports",
            "data.aws_caller_identity.current"
          ]
        }
      ]
    },
    {
      "mode": "managed",
      "type": "aws_s3_bucket_versioning",
      "name": "reports",
      "provider": "provider[\"registry.terraform.io/hashicorp/aws\"]",
      "instances": [
        {
          "schema_version": 0,
          "attributes": {
            "bucket": "edo-coanalyst-report-610639371721",
            "expected_bucket_owner": "",
            "id": "edo-coanalyst-report-610639371721",
            "mfa": null,
            "region": "us-east-1",
            "versioning_configuration": [
              {
                "mfa_delete": "Disabled",
                "status": "Enabled"
              }
            ]
          },
          "sensitive_attributes": [],
          "identity_schema_version": 1,
          "identity": {
            "account_id": "610639371721",
            "bucket": "edo-coanalyst-report-610639371721",
            "region": "us-east-1"
          },
          "private": "bnVsbA==",
          "dependencies": [
            "aws_s3_bucket.reports",
            "data.aws_caller_identity.current"
          ]
        }
      ]
    },
    {
      "mode": "managed",
      "type": "local_sensitive_file",
      "name": "runtime_env",
      "provider": "provider[\"registry.terraform.io/hashicorp/local\"]",
      "instances": [
        {
          "schema_version": 0,
          "attributes": {
            "content": "{\"APP_REGION\":\"us-east-1\",\"BEST_MATCHES\":\"1\",\"BROWSER_ALLOW_OFFDOMAIN_DOCS\":\"true\",\"BROWSER_CLICK_TIMEOUT_MS\":\"10000\",\"BROWSER_IDENTIFIER\":\"aws.browser.v1\",\"BROWSER_MAX_VERIFY_CANDIDATES\":\"10\",\"BROWSER_NAV_MAX_DEPTH\":\"3\",\"BROWSER_NAV_MAX_PAGES\":\"25\",\"BROWSER_REGION\":\"us-east-1\",\"BROWSER_RESERVED_VERIFIES\":\"20\",\"BROWSER_RESOLVE_MAX_SECONDS\":\"240\",\"BROWSER_SEARCH_CANDIDATE_LIMIT\":\"8\",\"BROWSER_SESSION_TIMEOUT_SECONDS\":\"120\",\"BROWSER_SETTLE_MS\":\"2500\",\"BROWSER_VISION_MODEL_ID\":\"us.amazon.nova-2-lite-v1:0\",\"BROWSER_WAIT_UNTIL\":\"domcontentloaded\",\"CODE_VERSION\":\"v128\",\"DEEP_STATIC_MAX_DOC_CANDIDATES_PER_PAGE\":\"20\",\"DOMAIN_FILTER_MODE\":\"hard\",\"EDGAR_MAX_REQ_PER_SEC\":\"8\",\"EDGAR_SUSTAINABILITY_FTS\":\"false\",\"EDGAR_USER_AGENT\":\"EDO-CoAnalyst/1.0 compliance-research askdevopscloud@spglobal.com\",\"ENABLE_REGISTRY_TIER\":\"true\",\"ENABLE_VERTEX_IDENTITY\":\"true\",\"ENFORCE_SITE_DOMAIN\":\"true\",\"GATEWAY_SEARCH_TOOL\":\"web-search-tool___WebSearch\",\"GATEWAY_STRIP_SITE\":\"true\",\"GATEWAY_URL\":\"https://edo-coanalyst-report-gw-ialt8bzxwr.gateway.bedrock-agentcore.us-east-1.amazonaws.com/mcp\",\"GOOGLE_API_KEY\":\"\",\"GOOGLE_CX\":\"\",\"KNOWN_DOCUMENT_CDN_DOMAINS\":\"q4cdn.com\",\"LAMBDA_SEARCH_FUNCTION\":\"edo-coanalyst-report-vertex-search\",\"LATEST_COMPLETED_FISCAL_YEAR_CLASSES\":\"\",\"LATEST_COMPLETED_FISCAL_YEAR_LAG\":\"1\",\"LATEST_DOCUMENT_SEARCH\":\"true\",\"LATEST_DOCUMENT_SEARCH_VARIANTS\":\"6\",\"LLM_MODEL_ID\":\"us.anthropic.claude-sonnet-5\",\"MIN_SELECTION_CONFIDENCE\":\"high\",\"PROVENANCE_TABLE\":\"edo-coanalyst-report-provenance\",\"QUERY_MAX_VERIFIES\":\"100\",\"REGISTRY_FIRST_CLASSES\":\"annual report,proxy statement\",\"REPORTS_BUCKET\":\"edo-coanalyst-report-610639371721\",\"REQUIRE_OFFICIAL_DOMAIN_FOR_WEB\":\"true\",\"REQUIRE_VALIDATED_REGISTRY_IDENTITY\":\"true\",\"SEARCH_BACKEND\":\"vertex_lambda\",\"SELECTION_MODEL_ID\":\"us.anthropic.claude-sonnet-5\",\"SERPER_API_KEY\":\"\",\"USE_BROWSER\":\"true\",\"VERTEX_FALLBACK_TO_GATEWAY\":\"true\",\"WEB_SEARCH_MAX_RESULTS\":\"10\"}",
            "content_base64": null,
            "content_base64sha256": "oLyw937HznoEFBSC/bz4QexG7lBOrbNoS51yj3HDTdI=",
            "content_base64sha512": "xnyrG7HeuA6i5pKRpqahH4YgzOvuHU7j8KQglBD+LeeTk7KTNgyTM7ElgA3235Rc0kNJmenScxohniaRILTnUA==",
            "content_md5": "be64b1b7309f291f126ea138690db35c",
            "content_sha1": "01c4059cff31885f948942bd5499dbf07ff8e830",
            "content_sha256": "a0bcb0f77ec7ce7a04141482fdbcf841ec46ee504eadb3684b9d728f71c34dd2",
            "content_sha512": "c67cab1bb1deb80ea2e69291a6a6a11f8620ccebee1d4ee3f0a4209410fe2de79393b293360c9333b125800df6df945cd2434999e9d2731a219e269120b4e750",
            "directory_permission": "0700",
            "file_permission": "0700",
            "filename": "./.runtime-env.json",
            "id": "01c4059cff31885f948942bd5499dbf07ff8e830",
            "source": null
          },
          "sensitive_attributes": [
            [
              {
                "type": "get_attr",
                "value": "content"
              }
            ],
            [
              {
                "type": "get_attr",
                "value": "content_base64"
              }
            ]
          ],
          "identity_schema_version": 0,
          "dependencies": [
            "aws_bedrockagentcore_gateway.web_search",
            "aws_dynamodb_table.provenance",
            "aws_iam_role.gateway",
            "aws_s3_bucket.reports",
            "data.aws_caller_identity.current",
            "data.aws_iam_policy_document.gateway_trust",
            "data.aws_region.current"
          ]
        }
      ]
    },
    {
      "mode": "managed",
      "type": "null_resource",
      "name": "runtime_update",
      "provider": "provider[\"registry.terraform.io/hashicorp/null\"]",
      "instances": [
        {
          "schema_version": 0,
          "attributes": {
            "id": "132533382013153631",
            "triggers": {
              "env_hash": "a0bcb0f77ec7ce7a04141482fdbcf841ec46ee504eadb3684b9d728f71c34dd2",
              "image_uri": "610639371721.dkr.ecr.us-east-1.amazonaws.com/edo-coanalyst-report:v128",
              "region": "us-east-1",
              "role_arn": "arn:aws:iam::610639371721:role/edo-coanalyst-report-exec",
              "runtime_id": "edo_coanalyst_report-3dAfJRHyfY"
            }
          },
          "sensitive_attributes": [],
          "identity_schema_version": 0,
          "dependencies": [
            "aws_bedrockagentcore_agent_runtime.agent",
            "aws_bedrockagentcore_gateway.web_search",
            "aws_cloudwatch_log_group.agent",
            "aws_dynamodb_table.provenance",
            "aws_ecr_repository.agent",
            "aws_iam_role.agent",
            "aws_iam_role.gateway",
            "aws_iam_role_policy.agent",
            "aws_s3_bucket.reports",
            "data.aws_caller_identity.current",
            "data.aws_iam_policy_document.agent",
            "data.aws_iam_policy_document.gateway_trust",
            "data.aws_iam_policy_document.trust",
            "data.aws_region.current",
            "local_sensitive_file.runtime_env"
          ]
        }
      ]
    },
    {
      "mode": "managed",
      "type": "null_resource",
      "name": "web_search_target",
      "provider": "provider[\"registry.terraform.io/hashicorp/null\"]",
      "instances": [
        {
          "index_key": 0,
          "schema_version": 0,
          "attributes": {
            "id": "1009843954904218321",
            "triggers": {
              "gateway_id": "edo-coanalyst-report-gw-ialt8bzxwr",
              "region": "us-east-1"
            }
          },
          "sensitive_attributes": [],
          "identity_schema_version": 0,
          "dependencies": [
            "aws_bedrockagentcore_gateway.web_search",
            "aws_iam_role.gateway",
            "aws_iam_role_policy.gateway",
            "data.aws_caller_identity.current",
            "data.aws_iam_policy_document.gateway_perms",
            "data.aws_iam_policy_document.gateway_trust",
            "data.aws_region.current"
          ]
        }
      ]
    }
  ],
  "check_results": null
}
